
Microsoft Visual Studio Solution File, Format Version 12.00
# Visual Studio Version 17
VisualStudioVersion = 17.1.32414.318
MinimumVisualStudioVersion = 10.0.40219.1
Project("{FAE04EC0-301F-11D3-BF4B-00C04F79EFBC}") = "Beach Callouts", "Beach Callouts\Beach Callouts.csproj", "{69B0417A-B3BF-42B0-BD2E-301A998D08F5}"
EndProject
Global
	GlobalSection(SolutionConfigurationPlatforms) = preSolution
		Debug|Any CPU = Debug|Any CPU
		Release|Any CPU = Release|Any CPU
	EndGlobalSection
	GlobalSection(ProjectConfigurationPlatforms) = postSolution
		{69B0417A-B3BF-42B0-BD2E-301A998D08F5}.Debug|Any CPU.ActiveCfg = Debug|Any CPU
		{69B0417A-B3BF-42B0-BD2E-301A998D08F5}.Debug|Any CPU.Build.0 = Debug|Any CPU
		{69B0417A-B3BF-42B0-BD2E-301A998D08F5}.Release|Any CPU.ActiveCfg = Release|Any CPU
		{69B0417A-B3BF-42B0-BD2E-301A998D08F5}.Release|Any CPU.Build.0 = Release|Any CPU
	EndGlobalSection
	GlobalSection(SolutionProperties) = preSolution
		HideSolutionNode = FALSE
	EndGlobalSection
	GlobalSection(ExtensibilityGlobals) = postSolution
		SolutionGuid = {00422C1C-CC5E-492B-B753-E99402433C68}
	EndGlobalSection
EndGlobal
